
Microsoft Visual Studio Solution File, Format Version 12.00
# Visual Studio Version 17
VisualStudioVersion = 17.9.34526.213
MinimumVisualStudioVersion = 10.0.40219.1
Project("{FAE04EC0-301F-11D3-BF4B-00C04F79EFBC}") = "WPF_APRENDIENDO", "WPF_APRENDIENDO.csproj", "{467E32A1-8A45-467A-8EF6-5E16073FAB25}"
EndProject
Global
	GlobalSection(SolutionConfigurationPlatforms) = preSolution
		Debug|Any CPU = Debug|Any CPU
		Release|Any CPU = Release|Any CPU
	EndGlobalSection
	GlobalSection(ProjectConfigurationPlatforms) = postSolution
		{467E32A1-8A45-467A-8EF6-5E16073FAB25}.Debug|Any CPU.ActiveCfg = Debug|Any CPU
		{467E32A1-8A45-467A-8EF6-5E16073FAB25}.Debug|Any CPU.Build.0 = Debug|Any CPU
		{467E32A1-8A45-467A-8EF6-5E16073FAB25}.Release|Any CPU.ActiveCfg = Release|Any CPU
		{467E32A1-8A45-467A-8EF6-5E16073FAB25}.Release|Any CPU.Build.0 = Release|Any CPU
	EndGlobalSection
	GlobalSection(SolutionProperties) = preSolution
		HideSolutionNode = FALSE
	EndGlobalSection
	GlobalSection(ExtensibilityGlobals) = postSolution
		SolutionGuid = {A3B3F9AA-D399-4FDD-BE0E-9B3A68E7D993}
	EndGlobalSection
EndGlobal
